
Microsoft Visual Studio Solution File, Format Version 12.00
# Visual Studio Version 17
VisualStudioVersion = 17.14.36616.10 d17.14
MinimumVisualStudioVersion = 10.0.40219.1
Project("{FAE04EC0-301F-11D3-BF4B-00C04F79EFBC}") = "S10272248G_PRG2Assignment", "S10272248G_PRG2Assignment.csproj", "{A365D1F2-52E4-41E4-B73A-80040AA1F69B}"
EndProject
Global
	GlobalSection(SolutionConfigurationPlatforms) = preSolution
		Debug|Any CPU = Debug|Any CPU
		Release|Any CPU = Release|Any CPU
	EndGlobalSection
	GlobalSection(ProjectConfigurationPlatforms) = postSolution
		{A365D1F2-52E4-41E4-B73A-80040AA1F69B}.Debug|Any CPU.ActiveCfg = Debug|Any CPU
		{A365D1F2-52E4-41E4-B73A-80040AA1F69B}.Debug|Any CPU.Build.0 = Debug|Any CPU
		{A365D1F2-52E4-41E4-B73A-80040AA1F69B}.Release|Any CPU.ActiveCfg = Release|Any CPU
		{A365D1F2-52E4-41E4-B73A-80040AA1F69B}.Release|Any CPU.Build.0 = Release|Any CPU
	EndGlobalSection
	GlobalSection(SolutionProperties) = preSolution
		HideSolutionNode = FALSE
	EndGlobalSection
	GlobalSection(ExtensibilityGlobals) = postSolution
		SolutionGuid = {A6A729D9-3261-4910-A4B5-32019191F610}
	EndGlobalSection
EndGlobal
