
Microsoft Visual Studio Solution File, Format Version 12.00
# Visual Studio Version 17
VisualStudioVersion = 17.14.36915.13 d17.14
MinimumVisualStudioVersion = 10.0.40219.1
Project("{FAE04EC0-301F-11D3-BF4B-00C04F79EFBC}") = "Assignment 2", "Assignment 2\Assignment 2.csproj", "{45914C42-9697-4B38-999A-5C7CBCB8EADD}"
EndProject
Global
	GlobalSection(SolutionConfigurationPlatforms) = preSolution
		Debug|Any CPU = Debug|Any CPU
		Release|Any CPU = Release|Any CPU
	EndGlobalSection
	GlobalSection(ProjectConfigurationPlatforms) = postSolution
		{45914C42-9697-4B38-999A-5C7CBCB8EADD}.Debug|Any CPU.ActiveCfg = Debug|Any CPU
		{45914C42-9697-4B38-999A-5C7CBCB8EADD}.Debug|Any CPU.Build.0 = Debug|Any CPU
		{45914C42-9697-4B38-999A-5C7CBCB8EADD}.Release|Any CPU.ActiveCfg = Release|Any CPU
		{45914C42-9697-4B38-999A-5C7CBCB8EADD}.Release|Any CPU.Build.0 = Release|Any CPU
	EndGlobalSection
	GlobalSection(SolutionProperties) = preSolution
		HideSolutionNode = FALSE
	EndGlobalSection
	GlobalSection(ExtensibilityGlobals) = postSolution
		SolutionGuid = {53ABC875-B5D2-48C9-8A7D-40428A7D834D}
	EndGlobalSection
EndGlobal
